
Microsoft Visual Studio Solution File, Format Version 12.00
# Visual Studio Version 16
VisualStudioVersion = 16.0.28803.202
MinimumVisualStudioVersion = 10.0.40219.1
Project("{FAE04EC0-301F-11D3-BF4B-00C04F79EFBC}") = "BlogThemeShadow", "BlogThemeShadow\BlogThemeShadow.csproj", "{86CA7462-A570-4E60-9535-5605FAB6F061}"
EndProject
Global
	GlobalSection(SolutionConfigurationPlatforms) = preSolution
		Debug|ARM = Debug|ARM
		Debug|ARM64 = Debug|ARM64
		Debug|x64 = Debug|x64
		Debug|x86 = Debug|x86
		Release|ARM = Release|ARM
		Release|ARM64 = Release|ARM64
		Release|x64 = Release|x64
		Release|x86 = Release|x86
	EndGlobalSection
	GlobalSection(ProjectConfigurationPlatforms) = postSolution
		{86CA7462-A570-4E60-9535-5605FAB6F061}.Debug|ARM.ActiveCfg = Debug|ARM
		{86CA7462-A570-4E60-9535-5605FAB6F061}.Debug|ARM.Build.0 = Debug|ARM
		{86CA7462-A570-4E60-9535-5605FAB6F061}.Debug|ARM.Deploy.0 = Debug|ARM
		{86CA7462-A570-4E60-9535-5605FAB6F061}.Debug|ARM64.ActiveCfg = Debug|ARM64
		{86CA7462-A570-4E60-9535-5605FAB6F061}.Debug|ARM64.Build.0 = Debug|ARM64
		{86CA7462-A570-4E60-9535-5605FAB6F061}.Debug|ARM64.Deploy.0 = Debug|ARM64
		{86CA7462-A570-4E60-9535-5605FAB6F061}.Debug|x64.ActiveCfg = Debug|x64
		{86CA7462-A570-4E60-9535-5605FAB6F061}.Debug|x64.Build.0 = Debug|x64
		{86CA7462-A570-4E60-9535-5605FAB6F061}.Debug|x64.Deploy.0 = Debug|x64
		{86CA7462-A570-4E60-9535-5605FAB6F061}.Debug|x86.ActiveCfg = Debug|x86
		{86CA7462-A570-4E60-9535-5605FAB6F061}.Debug|x86.Build.0 = Debug|x86
		{86CA7462-A570-4E60-9535-5605FAB6F061}.Debug|x86.Deploy.0 = Debug|x86
		{86CA7462-A570-4E60-9535-5605FAB6F061}.Release|ARM.ActiveCfg = Release|ARM
		{86CA7462-A570-4E60-9535-5605FAB6F061}.Release|ARM.Build.0 = Release|ARM
		{86CA7462-A570-4E60-9535-5605FAB6F061}.Release|ARM.Deploy.0 = Release|ARM
		{86CA7462-A570-4E60-9535-5605FAB6F061}.Release|ARM64.ActiveCfg = Release|ARM64
		{86CA7462-A570-4E60-9535-5605FAB6F061}.Release|ARM64.Build.0 = Release|ARM64
		{86CA7462-A570-4E60-9535-5605FAB6F061}.Release|ARM64.Deploy.0 = Release|ARM64
		{86CA7462-A570-4E60-9535-5605FAB6F061}.Release|x64.ActiveCfg = Release|x64
		{86CA7462-A570-4E60-9535-5605FAB6F061}.Release|x64.Build.0 = Release|x64
		{86CA7462-A570-4E60-9535-5605FAB6F061}.Release|x64.Deploy.0 = Release|x64
		{86CA7462-A570-4E60-9535-5605FAB6F061}.Release|x86.ActiveCfg = Release|x86
		{86CA7462-A570-4E60-9535-5605FAB6F061}.Release|x86.Build.0 = Release|x86
		{86CA7462-A570-4E60-9535-5605FAB6F061}.Release|x86.Deploy.0 = Release|x86
	EndGlobalSection
	GlobalSection(SolutionProperties) = preSolution
		HideSolutionNode = FALSE
	EndGlobalSection
	GlobalSection(ExtensibilityGlobals) = postSolution
		SolutionGuid = {024DF3FE-8287-401B-8F41-ED153070F861}
	EndGlobalSection
EndGlobal
